
Microsoft Visual Studio Solution File, Format Version 12.00
# Visual Studio 15
VisualStudioVersion = 15.0.26730.12
MinimumVisualStudioVersion = 10.0.40219.1
Project("{FAE04EC0-301F-11D3-BF4B-00C04F79EFBC}") = "Task", "Task\Task.csproj", "{F5D31C46-D46D-4C8F-AEF8-89CA5644A1EE}"
EndProject
Global
	GlobalSection(SolutionConfigurationPlatforms) = preSolution
		Debug|Any CPU = Debug|Any CPU
		Release|Any CPU = Release|Any CPU
	EndGlobalSection
	GlobalSection(ProjectConfigurationPlatforms) = postSolution
		{F5D31C46-D46D-4C8F-AEF8-89CA5644A1EE}.Debug|Any CPU.ActiveCfg = Debug|Any CPU
		{F5D31C46-D46D-4C8F-AEF8-89CA5644A1EE}.Debug|Any CPU.Build.0 = Debug|Any CPU
		{F5D31C46-D46D-4C8F-AEF8-89CA5644A1EE}.Release|Any CPU.ActiveCfg = Release|Any CPU
		{F5D31C46-D46D-4C8F-AEF8-89CA5644A1EE}.Release|Any CPU.Build.0 = Release|Any CPU
	EndGlobalSection
	GlobalSection(SolutionProperties) = preSolution
		HideSolutionNode = FALSE
	EndGlobalSection
	GlobalSection(ExtensibilityGlobals) = postSolution
		SolutionGuid = {9DBE7138-E44F-4E1A-8B20-228B5FCA0E63}
	EndGlobalSection
EndGlobal
